
Microsoft Visual Studio Solution File, Format Version 12.00
# Visual Studio 15
VisualStudioVersion = 15.0.27428.2043
MinimumVisualStudioVersion = 10.0.40219.1
Project("{8BC9CEB8-8B4A-11D0-8D11-00A0C91BC942}") = "SimpleLib", "SimpleLib\SimpleLib.vcxproj", "{0888A527-46F2-4543-BBF5-AC53113F52A5}"
EndProject
Project("{8BC9CEB8-8B4A-11D0-8D11-00A0C91BC942}") = "TestSimple", "TestSimple\TestSimple.vcxproj", "{D767D95B-A13C-48E8-BF19-E64B0B0823D8}"
EndProject
Global
	GlobalSection(SolutionConfigurationPlatforms) = preSolution
		Debug|x64 = Debug|x64
		Debug|x86 = Debug|x86
		Release|x64 = Release|x64
		Release|x86 = Release|x86
	EndGlobalSection
	GlobalSection(ProjectConfigurationPlatforms) = postSolution
		{0888A527-46F2-4543-BBF5-AC53113F52A5}.Debug|x64.ActiveCfg = Debug|x64
		{0888A527-46F2-4543-BBF5-AC53113F52A5}.Debug|x64.Build.0 = Debug|x64
		{0888A527-46F2-4543-BBF5-AC53113F52A5}.Debug|x86.ActiveCfg = Debug|Win32
		{0888A527-46F2-4543-BBF5-AC53113F52A5}.Debug|x86.Build.0 = Debug|Win32
		{0888A527-46F2-4543-BBF5-AC53113F52A5}.Release|x64.ActiveCfg = Release|x64
		{0888A527-46F2-4543-BBF5-AC53113F52A5}.Release|x64.Build.0 = Release|x64
		{0888A527-46F2-4543-BBF5-AC53113F52A5}.Release|x86.ActiveCfg = Release|Win32
		{0888A527-46F2-4543-BBF5-AC53113F52A5}.Release|x86.Build.0 = Release|Win32
		{D767D95B-A13C-48E8-BF19-E64B0B0823D8}.Debug|x64.ActiveCfg = Debug|x64
		{D767D95B-A13C-48E8-BF19-E64B0B0823D8}.Debug|x64.Build.0 = Debug|x64
		{D767D95B-A13C-48E8-BF19-E64B0B0823D8}.Debug|x86.ActiveCfg = Debug|Win32
		{D767D95B-A13C-48E8-BF19-E64B0B0823D8}.Debug|x86.Build.0 = Debug|Win32
		{D767D95B-A13C-48E8-BF19-E64B0B0823D8}.Release|x64.ActiveCfg = Release|x64
		{D767D95B-A13C-48E8-BF19-E64B0B0823D8}.Release|x64.Build.0 = Release|x64
		{D767D95B-A13C-48E8-BF19-E64B0B0823D8}.Release|x86.ActiveCfg = Release|Win32
		{D767D95B-A13C-48E8-BF19-E64B0B0823D8}.Release|x86.Build.0 = Release|Win32
	EndGlobalSection
	GlobalSection(SolutionProperties) = preSolution
		HideSolutionNode = FALSE
	EndGlobalSection
	GlobalSection(ExtensibilityGlobals) = postSolution
		SolutionGuid = {103A3450-7BC6-4ED0-B6CD-8EFD36E9C3BD}
	EndGlobalSection
EndGlobal
